
Microsoft Visual Studio Solution File, Format Version 12.00
# Visual Studio Version 17
VisualStudioVersion = 17.0.31903.59
MinimumVisualStudioVersion = 10.0.40219.1
Project("{2150E333-8FDC-42A3-9474-1A3956D46DE8}") = "src", "src", "{827E0CD3-B72D-47B6-A68D-7590B98EB39B}"
EndProject
Project("{FAE04EC0-301F-11D3-BF4B-00C04F79EFBC}") = "Keycloak.Net", "src\Keycloak.Net\Keycloak.Net.csproj", "{23BBE88C-CE08-4A48-905A-73949EA63204}"
EndProject
Project("{FAE04EC0-301F-11D3-BF4B-00C04F79EFBC}") = "Keycloak.Net.Example", "src\Keycloak.Net.Example\Keycloak.Net.Example.csproj", "{8F7A2E1D-9C4B-4E2A-B5F3-1D8E6C9A4B2E}"
EndProject
Global
	GlobalSection(SolutionConfigurationPlatforms) = preSolution
		Debug|Any CPU = Debug|Any CPU
		Debug|x64 = Debug|x64
		Debug|x86 = Debug|x86
		Release|Any CPU = Release|Any CPU
		Release|x64 = Release|x64
		Release|x86 = Release|x86
	EndGlobalSection
	GlobalSection(ProjectConfigurationPlatforms) = postSolution
		{23BBE88C-CE08-4A48-905A-73949EA63204}.Debug|Any CPU.ActiveCfg = Debug|Any CPU
		{23BBE88C-CE08-4A48-905A-73949EA63204}.Debug|Any CPU.Build.0 = Debug|Any CPU
		{23BBE88C-CE08-4A48-905A-73949EA63204}.Debug|x64.ActiveCfg = Debug|Any CPU
		{23BBE88C-CE08-4A48-905A-73949EA63204}.Debug|x64.Build.0 = Debug|Any CPU
		{23BBE88C-CE08-4A48-905A-73949EA63204}.Debug|x86.ActiveCfg = Debug|Any CPU
		{23BBE88C-CE08-4A48-905A-73949EA63204}.Debug|x86.Build.0 = Debug|Any CPU
		{23BBE88C-CE08-4A48-905A-73949EA63204}.Release|Any CPU.ActiveCfg = Release|Any CPU
		{23BBE88C-CE08-4A48-905A-73949EA63204}.Release|Any CPU.Build.0 = Release|Any CPU
		{23BBE88C-CE08-4A48-905A-73949EA63204}.Release|x64.ActiveCfg = Release|Any CPU
		{23BBE88C-CE08-4A48-905A-73949EA63204}.Release|x64.Build.0 = Release|Any CPU
		{23BBE88C-CE08-4A48-905A-73949EA63204}.Release|x86.ActiveCfg = Release|Any CPU
		{23BBE88C-CE08-4A48-905A-73949EA63204}.Release|x86.Build.0 = Release|Any CPU
		{8F7A2E1D-9C4B-4E2A-B5F3-1D8E6C9A4B2E}.Debug|Any CPU.ActiveCfg = Debug|Any CPU
		{8F7A2E1D-9C4B-4E2A-B5F3-1D8E6C9A4B2E}.Debug|Any CPU.Build.0 = Debug|Any CPU
		{8F7A2E1D-9C4B-4E2A-B5F3-1D8E6C9A4B2E}.Debug|x64.ActiveCfg = Debug|Any CPU
		{8F7A2E1D-9C4B-4E2A-B5F3-1D8E6C9A4B2E}.Debug|x64.Build.0 = Debug|Any CPU
		{8F7A2E1D-9C4B-4E2A-B5F3-1D8E6C9A4B2E}.Debug|x86.ActiveCfg = Debug|Any CPU
		{8F7A2E1D-9C4B-4E2A-B5F3-1D8E6C9A4B2E}.Debug|x86.Build.0 = Debug|Any CPU
		{8F7A2E1D-9C4B-4E2A-B5F3-1D8E6C9A4B2E}.Release|Any CPU.ActiveCfg = Release|Any CPU
		{8F7A2E1D-9C4B-4E2A-B5F3-1D8E6C9A4B2E}.Release|Any CPU.Build.0 = Release|Any CPU
		{8F7A2E1D-9C4B-4E2A-B5F3-1D8E6C9A4B2E}.Release|x64.ActiveCfg = Release|Any CPU
		{8F7A2E1D-9C4B-4E2A-B5F3-1D8E6C9A4B2E}.Release|x64.Build.0 = Release|Any CPU
		{8F7A2E1D-9C4B-4E2A-B5F3-1D8E6C9A4B2E}.Release|x86.ActiveCfg = Release|Any CPU
		{8F7A2E1D-9C4B-4E2A-B5F3-1D8E6C9A4B2E}.Release|x86.Build.0 = Release|Any CPU
	EndGlobalSection
	GlobalSection(SolutionProperties) = preSolution
		HideSolutionNode = FALSE
	EndGlobalSection
	GlobalSection(NestedProjects) = preSolution
		{23BBE88C-CE08-4A48-905A-73949EA63204} = {827E0CD3-B72D-47B6-A68D-7590B98EB39B}
		{8F7A2E1D-9C4B-4E2A-B5F3-1D8E6C9A4B2E} = {827E0CD3-B72D-47B6-A68D-7590B98EB39B}
	EndGlobalSection
EndGlobal
